
Microsoft Visual Studio Solution File, Format Version 12.00
# Visual Studio Version 16
VisualStudioVersion = 16.0.30114.105
MinimumVisualStudioVersion = 10.0.40219.1
Project("{9A19103F-16F7-4668-BE54-9A1E7A4F7556}") = "Peon.CLI", "src\Peon.CLI\Peon.CLI.csproj", "{D283A65A-67A8-4F2D-818F-DEB1C81DB619}"
EndProject
Global
	GlobalSection(SolutionConfigurationPlatforms) = preSolution
		Debug|Any CPU = Debug|Any CPU
		Release|Any CPU = Release|Any CPU
	EndGlobalSection
	GlobalSection(ProjectConfigurationPlatforms) = postSolution
		{D283A65A-67A8-4F2D-818F-DEB1C81DB619}.Debug|Any CPU.ActiveCfg = Debug|Any CPU
		{D283A65A-67A8-4F2D-818F-DEB1C81DB619}.Debug|Any CPU.Build.0 = Debug|Any CPU
		{D283A65A-67A8-4F2D-818F-DEB1C81DB619}.Release|Any CPU.ActiveCfg = Release|Any CPU
		{D283A65A-67A8-4F2D-818F-DEB1C81DB619}.Release|Any CPU.Build.0 = Release|Any CPU
	EndGlobalSection
	GlobalSection(SolutionProperties) = preSolution
		HideSolutionNode = FALSE
	EndGlobalSection
	GlobalSection(ExtensibilityGlobals) = postSolution
		SolutionGuid = {E449ADEA-F2D8-4F97-A2AB-41F05E51C91D}
	EndGlobalSection
EndGlobal
